lockfileVersion: '9.0'

settings:
  autoInstallPeers: true
  excludeLinksFromLockfile: false

importers:

  .:
    dependencies:
      open-props:
        specifier: ^1.7.4
        version: 1.7.4

packages:

  open-props@1.7.4:
    resolution: {integrity: sha512-LfzWOJq4I79GxtpT1/CucxujndqWjAdcC2H6gSJo1TmFGzyGv1VJWJQ1BQnui0/YgTNI+AaG1pEcq5/DCGL8RQ==}

snapshots:

  open-props@1.7.4: {}
